
Microsoft Visual Studio Solution File, Format Version 12.00
# Visual Studio Version 16
VisualStudioVersion = 16.0.29009.5
MinimumVisualStudioVersion = 10.0.40219.1
Project("{FAE04EC0-301F-11D3-BF4B-00C04F79EFBC}") = "SQLiteDemo.Android", "SQLiteDemo\SQLiteDemo.Android\SQLiteDemo.Android.csproj", "{B938BCD8-839D-4772-BDA3-B0E072ED1D0B}"
EndProject
Project("{FAE04EC0-301F-11D3-BF4B-00C04F79EFBC}") = "SQLiteDemo.iOS", "SQLiteDemo\SQLiteDemo.iOS\SQLiteDemo.iOS.csproj", "{1D86AF7D-98F9-4DBE-A3DE-5B38EA51EA97}"
EndProject
Project("{FAE04EC0-301F-11D3-BF4B-00C04F79EFBC}") = "SQLiteDemo", "SQLiteDemo\SQLiteDemo\SQLiteDemo.csproj", "{372F06A2-424B-4538-A4D6-E94D2BC4E463}"
EndProject
Global
	GlobalSection(SolutionConfigurationPlatforms) = preSolution
		Debug|Any CPU = Debug|Any CPU
		Debug|iPhone = Debug|iPhone
		Debug|iPhoneSimulator = Debug|iPhoneSimulator
		Release|Any CPU = Release|Any CPU
		Release|iPhone = Release|iPhone
		Release|iPhoneSimulator = Release|iPhoneSimulator
	EndGlobalSection
	GlobalSection(ProjectConfigurationPlatforms) = postSolution
		{B938BCD8-839D-4772-BDA3-B0E072ED1D0B}.Debug|Any CPU.ActiveCfg = Debug|Any CPU
		{B938BCD8-839D-4772-BDA3-B0E072ED1D0B}.Debug|Any CPU.Build.0 = Debug|Any CPU
		{B938BCD8-839D-4772-BDA3-B0E072ED1D0B}.Debug|Any CPU.Deploy.0 = Debug|Any CPU
		{B938BCD8-839D-4772-BDA3-B0E072ED1D0B}.Debug|iPhone.ActiveCfg = Debug|Any CPU
		{B938BCD8-839D-4772-BDA3-B0E072ED1D0B}.Debug|iPhone.Build.0 = Debug|Any CPU
		{B938BCD8-839D-4772-BDA3-B0E072ED1D0B}.Debug|iPhone.Deploy.0 = Debug|Any CPU
		{B938BCD8-839D-4772-BDA3-B0E072ED1D0B}.Debug|iPhoneSimulator.ActiveCfg = Debug|Any CPU
		{B938BCD8-839D-4772-BDA3-B0E072ED1D0B}.Debug|iPhoneSimulator.Build.0 = Debug|Any CPU
		{B938BCD8-839D-4772-BDA3-B0E072ED1D0B}.Debug|iPhoneSimulator.Deploy.0 = Debug|Any CPU
		{B938BCD8-839D-4772-BDA3-B0E072ED1D0B}.Release|Any CPU.ActiveCfg = Release|Any CPU
		{B938BCD8-839D-4772-BDA3-B0E072ED1D0B}.Release|Any CPU.Build.0 = Release|Any CPU
		{B938BCD8-839D-4772-BDA3-B0E072ED1D0B}.Release|Any CPU.Deploy.0 = Release|Any CPU
		{B938BCD8-839D-4772-BDA3-B0E072ED1D0B}.Release|iPhone.ActiveCfg = Release|Any CPU
		{B938BCD8-839D-4772-BDA3-B0E072ED1D0B}.Release|iPhone.Build.0 = Release|Any CPU
		{B938BCD8-839D-4772-BDA3-B0E072ED1D0B}.Release|iPhone.Deploy.0 = Release|Any CPU
		{B938BCD8-839D-4772-BDA3-B0E072ED1D0B}.Release|iPhoneSimulator.ActiveCfg = Release|Any CPU
		{B938BCD8-839D-4772-BDA3-B0E072ED1D0B}.Release|iPhoneSimulator.Build.0 = Release|Any CPU
		{B938BCD8-839D-4772-BDA3-B0E072ED1D0B}.Release|iPhoneSimulator.Deploy.0 = Release|Any CPU
		{1D86AF7D-98F9-4DBE-A3DE-5B38EA51EA97}.Debug|Any CPU.ActiveCfg = Debug|iPhoneSimulator
		{1D86AF7D-98F9-4DBE-A3DE-5B38EA51EA97}.Debug|Any CPU.Build.0 = Debug|iPhoneSimulator
		{1D86AF7D-98F9-4DBE-A3DE-5B38EA51EA97}.Debug|Any CPU.Deploy.0 = Debug|iPhoneSimulator
		{1D86AF7D-98F9-4DBE-A3DE-5B38EA51EA97}.Debug|iPhone.ActiveCfg = Debug|iPhone
		{1D86AF7D-98F9-4DBE-A3DE-5B38EA51EA97}.Debug|iPhone.Build.0 = Debug|iPhone
		{1D86AF7D-98F9-4DBE-A3DE-5B38EA51EA97}.Debug|iPhone.Deploy.0 = Debug|iPhone
		{1D86AF7D-98F9-4DBE-A3DE-5B38EA51EA97}.Debug|iPhoneSimulator.ActiveCfg = Debug|iPhoneSimulator
		{1D86AF7D-98F9-4DBE-A3DE-5B38EA51EA97}.Debug|iPhoneSimulator.Build.0 = Debug|iPhoneSimulator
		{1D86AF7D-98F9-4DBE-A3DE-5B38EA51EA97}.Debug|iPhoneSimulator.Deploy.0 = Debug|iPhoneSimulator
		{1D86AF7D-98F9-4DBE-A3DE-5B38EA51EA97}.Release|Any CPU.ActiveCfg = Release|iPhone
		{1D86AF7D-98F9-4DBE-A3DE-5B38EA51EA97}.Release|Any CPU.Build.0 = Release|iPhone
		{1D86AF7D-98F9-4DBE-A3DE-5B38EA51EA97}.Release|Any CPU.Deploy.0 = Release|iPhone
		{1D86AF7D-98F9-4DBE-A3DE-5B38EA51EA97}.Release|iPhone.ActiveCfg = Release|iPhone
		{1D86AF7D-98F9-4DBE-A3DE-5B38EA51EA97}.Release|iPhone.Build.0 = Release|iPhone
		{1D86AF7D-98F9-4DBE-A3DE-5B38EA51EA97}.Release|iPhone.Deploy.0 = Release|iPhone
		{1D86AF7D-98F9-4DBE-A3DE-5B38EA51EA97}.Release|iPhoneSimulator.ActiveCfg = Release|iPhoneSimulator
		{1D86AF7D-98F9-4DBE-A3DE-5B38EA51EA97}.Release|iPhoneSimulator.Build.0 = Release|iPhoneSimulator
		{1D86AF7D-98F9-4DBE-A3DE-5B38EA51EA97}.Release|iPhoneSimulator.Deploy.0 = Release|iPhoneSimulator
		{372F06A2-424B-4538-A4D6-E94D2BC4E463}.Debug|Any CPU.ActiveCfg = Debug|Any CPU
		{372F06A2-424B-4538-A4D6-E94D2BC4E463}.Debug|Any CPU.Build.0 = Debug|Any CPU
		{372F06A2-424B-4538-A4D6-E94D2BC4E463}.Debug|Any CPU.Deploy.0 = Debug|Any CPU
		{372F06A2-424B-4538-A4D6-E94D2BC4E463}.Debug|iPhone.ActiveCfg = Debug|Any CPU
		{372F06A2-424B-4538-A4D6-E94D2BC4E463}.Debug|iPhone.Build.0 = Debug|Any CPU
		{372F06A2-424B-4538-A4D6-E94D2BC4E463}.Debug|iPhone.Deploy.0 = Debug|Any CPU
		{372F06A2-424B-4538-A4D6-E94D2BC4E463}.Debug|iPhoneSimulator.ActiveCfg = Debug|Any CPU
		{372F06A2-424B-4538-A4D6-E94D2BC4E463}.Debug|iPhoneSimulator.Build.0 = Debug|Any CPU
		{372F06A2-424B-4538-A4D6-E94D2BC4E463}.Debug|iPhoneSimulator.Deploy.0 = Debug|Any CPU
		{372F06A2-424B-4538-A4D6-E94D2BC4E463}.Release|Any CPU.ActiveCfg = Release|Any CPU
		{372F06A2-424B-4538-A4D6-E94D2BC4E463}.Release|Any CPU.Build.0 = Release|Any CPU
		{372F06A2-424B-4538-A4D6-E94D2BC4E463}.Release|Any CPU.Deploy.0 = Release|Any CPU
		{372F06A2-424B-4538-A4D6-E94D2BC4E463}.Release|iPhone.ActiveCfg = Release|Any CPU
		{372F06A2-424B-4538-A4D6-E94D2BC4E463}.Release|iPhone.Build.0 = Release|Any CPU
		{372F06A2-424B-4538-A4D6-E94D2BC4E463}.Release|iPhone.Deploy.0 = Release|Any CPU
		{372F06A2-424B-4538-A4D6-E94D2BC4E463}.Release|iPhoneSimulator.ActiveCfg = Release|Any CPU
		{372F06A2-424B-4538-A4D6-E94D2BC4E463}.Release|iPhoneSimulator.Build.0 = Release|Any CPU
		{372F06A2-424B-4538-A4D6-E94D2BC4E463}.Release|iPhoneSimulator.Deploy.0 = Release|Any CPU
	EndGlobalSection
	GlobalSection(SolutionProperties) = preSolution
		HideSolutionNode = FALSE
	EndGlobalSection
	GlobalSection(ExtensibilityGlobals) = postSolution
		SolutionGuid = {6DBF434E-7089-4CAE-BCA4-9A108CA5D8EA}
	EndGlobalSection
EndGlobal
